hash: 4e1b8bb82a745427e950848a7e33465dca55a561d92ba9b8c911416b5198c3c7
updated: 2018-01-10T12:38:49.340059394Z
imports:
- name: github.com/blang/semver
  version: 2ee87856327ba09384cabd113bc6b5d174e9ec0f
- name: github.com/codegangsta/cli
  version: 0302d3914d2a6ad61404584cdae6e6dbc9c03599
- name: github.com/docker/machine
  version: 5b274558ea6ca822c06dd407a4e774a0105c3f60
- name: github.com/rhysd/go-github-selfupdate
  version: cee0f074015effff1b4de3dd8aedc2c9fbc4470d
- name: github.com/skarademir/naturalsort
  version: 69a5d87bef620f77ee8508db30c846b3b84b111e
- name: golang.org/x/sys
  version: d9157a9621b69ad1d8d77a1933590c416593f24f
  subpackages:
  - windows/registry
testImports:
- name: github.com/stretchr/testify
  version: 1f4a1643a57e798696635ea4c126e9127adb7d3c
  subpackages:
  - assert
