hash: 7f3a713d763b55d6af5ea2133db650ebc45eff683d20f3311880d1300b480a7d
updated: 2018-01-10T13:46:09.597807803Z
imports:
- name: github.com/blang/semver
  version: 2ee87856327ba09384cabd113bc6b5d174e9ec0f
- name: github.com/codegangsta/cli
  version: 0302d3914d2a6ad61404584cdae6e6dbc9c03599
- name: github.com/docker/machine
  version: 5b274558ea6ca822c06dd407a4e774a0105c3f60
- name: github.com/google/go-github
  version: c988f775700b9ab14b5acb7502046fa341daf82d
- name: github.com/google/go-querystring
  version: 53e6ce116135b80d037921a7fdd5138cf32d7a8a
- name: github.com/inconshreveable/go-update
  version: 8152e7eb6ccf8679a64582a66b78519688d156ad
- name: github.com/rhysd/go-github-selfupdate
  version: cee0f074015effff1b4de3dd8aedc2c9fbc4470d
- name: github.com/skarademir/naturalsort
  version: 69a5d87bef620f77ee8508db30c846b3b84b111e
- name: github.com/ulikunitz/xz
  version: 0c6b41e72360850ca4f98dc341fd999726ea007f
- name: golang.org/x/oauth2
  version: 30785a2c434e431ef7c507b54617d6a951d5f2b4
- name: golang.org/x/sys
  version: d9157a9621b69ad1d8d77a1933590c416593f24f
  subpackages:
  - windows/registry
testImports:
- name: github.com/stretchr/testify
  version: 1f4a1643a57e798696635ea4c126e9127adb7d3c
  subpackages:
  - assert
